
Microsoft Visual Studio Solution File, Format Version 12.00
# Visual Studio Version 16
VisualStudioVersion = 16.0.30204.135
MinimumVisualStudioVersion = 10.0.40219.1
Project("{FAE04EC0-301F-11D3-BF4B-00C04F79EFBC}") = "VetClinic.Intranet", "VetClinic.Intranet\VetClinic.Intranet.csproj", "{92C18417-A76E-4053-BFB5-E16F127F464B}"
EndProject
Project("{FAE04EC0-301F-11D3-BF4B-00C04F79EFBC}") = "VetClinic.PortalWWW", "VetClinic.PortalWWW\VetClinic.PortalWWW.csproj", "{EF3C6BA4-9128-4022-94F6-4FFAA88B48A4}"
EndProject
Project("{FAE04EC0-301F-11D3-BF4B-00C04F79EFBC}") = "VetClinic.Data", "VetClinic.Data\VetClinic.Data.csproj", "{CF0B0AE1-DC7C-4FF8-9D30-99AF970B7537}"
EndProject
Global
	GlobalSection(SolutionConfigurationPlatforms) = preSolution
		Debug|Any CPU = Debug|Any CPU
		Release|Any CPU = Release|Any CPU
	EndGlobalSection
	GlobalSection(ProjectConfigurationPlatforms) = postSolution
		{92C18417-A76E-4053-BFB5-E16F127F464B}.Debug|Any CPU.ActiveCfg = Debug|Any CPU
		{92C18417-A76E-4053-BFB5-E16F127F464B}.Debug|Any CPU.Build.0 = Debug|Any CPU
		{92C18417-A76E-4053-BFB5-E16F127F464B}.Release|Any CPU.ActiveCfg = Release|Any CPU
		{92C18417-A76E-4053-BFB5-E16F127F464B}.Release|Any CPU.Build.0 = Release|Any CPU
		{EF3C6BA4-9128-4022-94F6-4FFAA88B48A4}.Debug|Any CPU.ActiveCfg = Debug|Any CPU
		{EF3C6BA4-9128-4022-94F6-4FFAA88B48A4}.Debug|Any CPU.Build.0 = Debug|Any CPU
		{EF3C6BA4-9128-4022-94F6-4FFAA88B48A4}.Release|Any CPU.ActiveCfg = Release|Any CPU
		{EF3C6BA4-9128-4022-94F6-4FFAA88B48A4}.Release|Any CPU.Build.0 = Release|Any CPU
		{CF0B0AE1-DC7C-4FF8-9D30-99AF970B7537}.Debug|Any CPU.ActiveCfg = Debug|Any CPU
		{CF0B0AE1-DC7C-4FF8-9D30-99AF970B7537}.Debug|Any CPU.Build.0 = Debug|Any CPU
		{CF0B0AE1-DC7C-4FF8-9D30-99AF970B7537}.Release|Any CPU.ActiveCfg = Release|Any CPU
		{CF0B0AE1-DC7C-4FF8-9D30-99AF970B7537}.Release|Any CPU.Build.0 = Release|Any CPU
	EndGlobalSection
	GlobalSection(SolutionProperties) = preSolution
		HideSolutionNode = FALSE
	EndGlobalSection
	GlobalSection(ExtensibilityGlobals) = postSolution
		SolutionGuid = {CDD660CB-073C-4834-9D56-6829306BF5FD}
	EndGlobalSection
EndGlobal
